
Microsoft Visual Studio Solution File, Format Version 12.00
# Visual Studio Version 16
VisualStudioVersion = 16.0.33328.57
MinimumVisualStudioVersion = 10.0.40219.1
Project("{FAE04EC0-301F-11D3-BF4B-00C04F79EFBC}") = "ParsingEnums", "ParsingEnums\ParsingEnums.csproj", "{F970A253-7651-4666-A5AD-67F0A59450DF}"
EndProject
Global
	GlobalSection(SolutionConfigurationPlatforms) = preSolution
		Debug|Any CPU = Debug|Any CPU
		Release|Any CPU = Release|Any CPU
	EndGlobalSection
	GlobalSection(ProjectConfigurationPlatforms) = postSolution
		{F970A253-7651-4666-A5AD-67F0A59450DF}.Debug|Any CPU.ActiveCfg = Debug|Any CPU
		{F970A253-7651-4666-A5AD-67F0A59450DF}.Debug|Any CPU.Build.0 = Debug|Any CPU
		{F970A253-7651-4666-A5AD-67F0A59450DF}.Release|Any CPU.ActiveCfg = Release|Any CPU
		{F970A253-7651-4666-A5AD-67F0A59450DF}.Release|Any CPU.Build.0 = Release|Any CPU
	EndGlobalSection
	GlobalSection(SolutionProperties) = preSolution
		HideSolutionNode = FALSE
	EndGlobalSection
	GlobalSection(ExtensibilityGlobals) = postSolution
		SolutionGuid = {0C5A63D5-5D50-4A5E-8006-DF3BAD564B61}
	EndGlobalSection
EndGlobal
